Fetching gem metadata from https://rubygems.org/...........
Fetching version metadata from https://rubygems.org/..
Fetching dependency metadata from https://rubygems.org/.
Resolving dependencies...
Bundler could not find compatible versions for gem "pygments.rb":
  In Gemfile:
    pygments.rb (~> 0.3.4)

    jekyll (>= 1.0.0, ~> 1.0) was resolved to 1.0.0, which depends on
      pygments.rb (~> 0.4.2)
